
Microsoft Visual Studio Solution File, Format Version 12.00
# Visual Studio Version 17
VisualStudioVersion = 17.9.34616.47
MinimumVisualStudioVersion = 10.0.40219.1
Project("{FAE04EC0-301F-11D3-BF4B-00C04F79EFBC}") = "tpmodul3_1302223050", "tpmodul3_1302223050\tpmodul3_1302223050.csproj", "{5206AB58-3E74-4D39-8E9E-795049CD4FEB}"
EndProject
Global
	GlobalSection(SolutionConfigurationPlatforms) = preSolution
		Debug|Any CPU = Debug|Any CPU
		Release|Any CPU = Release|Any CPU
	EndGlobalSection
	GlobalSection(ProjectConfigurationPlatforms) = postSolution
		{5206AB58-3E74-4D39-8E9E-795049CD4FEB}.Debug|Any CPU.ActiveCfg = Debug|Any CPU
		{5206AB58-3E74-4D39-8E9E-795049CD4FEB}.Debug|Any CPU.Build.0 = Debug|Any CPU
		{5206AB58-3E74-4D39-8E9E-795049CD4FEB}.Release|Any CPU.ActiveCfg = Release|Any CPU
		{5206AB58-3E74-4D39-8E9E-795049CD4FEB}.Release|Any CPU.Build.0 = Release|Any CPU
	EndGlobalSection
	GlobalSection(SolutionProperties) = preSolution
		HideSolutionNode = FALSE
	EndGlobalSection
	GlobalSection(ExtensibilityGlobals) = postSolution
		SolutionGuid = {8C336E4D-F7BA-4750-A179-4BBB499ED662}
	EndGlobalSection
EndGlobal
